// !$*UTF8*$!
{
	archiveVersion = 1;
	classes = {
	};
	objectVersion = 70;
	objects = {

/* Begin PBXBuildFile section */
		2B1628282DAD002700652A69 /* ColorHex.swift in Sources */ = {isa = PBXBuildFile; fileRef = 2B1628272DAD002500652A69 /* ColorHex.swift */; };
		2B16282A2DAD3A8200652A69 /* GlucoseValuesSettingsView.swift in Sources */ = {isa = PBXBuildFile; fileRef = 2B1628292DAD3A7900652A69 /* GlucoseValuesSettingsView.swift */; };
		2B16282C2DAD403800652A69 /* ThemeColorSettingsView.swift in Sources */ = {isa = PBXBuildFile; fileRef = 2B16282B2DAD403800652A69 /* ThemeColorSettingsView.swift */; };
		2B1C9E7A2D5A15CA00CA7861 /* MainView.swift in Sources */ = {isa = PBXBuildFile; fileRef = 2B1C9E792D5A15CA00CA7861 /* MainView.swift */; };
		2B1C9E7C2D5A162E00CA7861 /* GraphView.swift in Sources */ = {isa = PBXBuildFile; fileRef = 2B1C9E7B2D5A162E00CA7861 /* GraphView.swift */; };
		2B1C9E802D5A170700CA7861 /* DataSource.swift in Sources */ = {isa = PBXBuildFile; fileRef = 2B1C9E7F2D5A170700CA7861 /* DataSource.swift */; };
		2B1C9E822D5A287100CA7861 /* DataSourceService.swift in Sources */ = {isa = PBXBuildFile; fileRef = 2B1C9E812D5A287100CA7861 /* DataSourceService.swift */; };
		2B1C9E862D5A4E6F00CA7861 /* ConnectionConfigurationEditor.swift in Sources */ = {isa = PBXBuildFile; fileRef = 2B1C9E852D5A4E6F00CA7861 /* ConnectionConfigurationEditor.swift */; };
		2B1C9E892D5A4F4D00CA7861 /* NightscoutConfigurationView.swift in Sources */ = {isa = PBXBuildFile; fileRef = 2B1C9E882D5A4F4D00CA7861 /* NightscoutConfigurationView.swift */; };
		2B1C9E8B2D5A4F5800CA7861 /* SugarScopeConfigurationView.swift in Sources */ = {isa = PBXBuildFile; fileRef = 2B1C9E8A2D5A4F5800CA7861 /* SugarScopeConfigurationView.swift */; };
		2B1C9E8D2D5A518C00CA7861 /* DataSourceConfiguration.swift in Sources */ = {isa = PBXBuildFile; fileRef = 2B1C9E8C2D5A518C00CA7861 /* DataSourceConfiguration.swift */; };
		2B2854012D57A2CE009E86E9 /* GlucoScopeApp.swift in Sources */ = {isa = PBXBuildFile; fileRef = 2B2854002D57A2CE009E86E9 /* GlucoScopeApp.swift */; };
		2B2854032D57A2CE009E86E9 /* ColoredLineGraph.swift in Sources */ = {isa = PBXBuildFile; fileRef = 2B2854022D57A2CE009E86E9 /* ColoredLineGraph.swift */; };
		2B2854052D57A2D0009E86E9 /* Assets.xcassets in Resources */ = {isa = PBXBuildFile; fileRef = 2B2854042D57A2D0009E86E9 /* Assets.xcassets */; };
		2B2854102D57A40E009E86E9 /* Calendar.swift in Sources */ = {isa = PBXBuildFile; fileRef = 2B28540F2D57A40E009E86E9 /* Calendar.swift */; };
		2B2854122D57A718009E86E9 /* GlucoseMeasurement.swift in Sources */ = {isa = PBXBuildFile; fileRef = 2B2854112D57A718009E86E9 /* GlucoseMeasurement.swift */; };
		2B2854142D57B4BC009E86E9 /* SugarScopeDataSource.swift in Sources */ = {isa = PBXBuildFile; fileRef = 2B2854132D57B4BC009E86E9 /* SugarScopeDataSource.swift */; };
		2B2854162D58AECF009E86E9 /* NightscoutDataSource.swift in Sources */ = {isa = PBXBuildFile; fileRef = 2B2854152D58AECF009E86E9 /* NightscoutDataSource.swift */; };
		2B2854182D58B64F009E86E9 /* Double.swift in Sources */ = {isa = PBXBuildFile; fileRef = 2B2854172D58B64F009E86E9 /* Double.swift */; };
		2B28541A2D58BA36009E86E9 /* Logger.swift in Sources */ = {isa = PBXBuildFile; fileRef = 2B2854192D58BA36009E86E9 /* Logger.swift */; };
		2B329DB12DB24C4900BDDDE1 /* ThemedSection.swift in Sources */ = {isa = PBXBuildFile; fileRef = 2B329DB02DB24C4900BDDDE1 /* ThemedSection.swift */; };
		2B329DB32DB24CBF00BDDDE1 /* ThemedDivider.swift in Sources */ = {isa = PBXBuildFile; fileRef = 2B329DB22DB24CBF00BDDDE1 /* ThemedDivider.swift */; };
		2B4BAB452DAA61B300D81158 /* Colors.swift in Sources */ = {isa = PBXBuildFile; fileRef = 2B4BAB442DAA61B000D81158 /* Colors.swift */; };
		2B4BAB482DAA664C00D81158 /* OrientationView.swift in Sources */ = {isa = PBXBuildFile; fileRef = 2B4BAB472DAA664700D81158 /* OrientationView.swift */; };
		2B4BAB4C2DAAB6C000D81158 /* Preference.swift in Sources */ = {isa = PBXBuildFile; fileRef = 2B4BAB4B2DAAB6C000D81158 /* Preference.swift */; };
		2B4BAB522DAAB71400D81158 /* PreferenceService.swift in Sources */ = {isa = PBXBuildFile; fileRef = 2B4BAB512DAAB71400D81158 /* PreferenceService.swift */; };
		2B4BAB542DAAB91E00D81158 /* PreferenceStorage.swift in Sources */ = {isa = PBXBuildFile; fileRef = 2B4BAB532DAAB91E00D81158 /* PreferenceStorage.swift */; };
		2B4ED5BC2DA9507C00ADE664 /* SettingsView.swift in Sources */ = {isa = PBXBuildFile; fileRef = 2B4ED5BB2DA9507B00ADE664 /* SettingsView.swift */; };
		2B514CE82DB3A8FE00AC5A6A /* ThemeSwatch.swift in Sources */ = {isa = PBXBuildFile; fileRef = 2B514CE72DB3A8FE00AC5A6A /* ThemeSwatch.swift */; };
		2B64B97A2D787BFE00F0BC14 /* IndicatorView.swift in Sources */ = {isa = PBXBuildFile; fileRef = 2B64B9792D787BFE00F0BC14 /* IndicatorView.swift */; };
		2B64B97E2D7880FF00F0BC14 /* RealtimeDataService.swift in Sources */ = {isa = PBXBuildFile; fileRef = 2B64B97D2D7880FF00F0BC14 /* RealtimeDataService.swift */; };
		2B7667542DB2860D008A2009 /* ConnectionSettingsView.swift in Sources */ = {isa = PBXBuildFile; fileRef = 2B7667532DB28605008A2009 /* ConnectionSettingsView.swift */; };
		2B7667562DB29877008A2009 /* RoundedCorner.swift in Sources */ = {isa = PBXBuildFile; fileRef = 2B7667552DB29877008A2009 /* RoundedCorner.swift */; };
		2B7CCCB52DCA0AD700A1AED5 /* OnboardingWizard.swift in Sources */ = {isa = PBXBuildFile; fileRef = 2B7CCCB42DCA0ACC00A1AED5 /* OnboardingWizard.swift */; };
		2B7CCCB72DCA0B5400A1AED5 /* AppView.swift in Sources */ = {isa = PBXBuildFile; fileRef = 2B7CCCB62DCA0B5200A1AED5 /* AppView.swift */; };
		2B7CCCB92DCA0D3400A1AED5 /* IntroView.swift in Sources */ = {isa = PBXBuildFile; fileRef = 2B7CCCB82DCA0D2C00A1AED5 /* IntroView.swift */; };
		2B7CCCBD2DCA0EEF00A1AED5 /* ConnectionTypeView.swift in Sources */ = {isa = PBXBuildFile; fileRef = 2B7CCCBC2DCA0EEF00A1AED5 /* ConnectionTypeView.swift */; };
		2B7CCCBF2DCA0F5D00A1AED5 /* ConnectionUrlView.swift in Sources */ = {isa = PBXBuildFile; fileRef = 2B7CCCBE2DCA0F5D00A1AED5 /* ConnectionUrlView.swift */; };
		2B7CCCC12DCA0F9300A1AED5 /* ConnectionTestView.swift in Sources */ = {isa = PBXBuildFile; fileRef = 2B7CCCC02DCA0F9300A1AED5 /* ConnectionTestView.swift */; };
		2B7CCCC52DCA106700A1AED5 /* OnboardModel.swift in Sources */ = {isa = PBXBuildFile; fileRef = 2B7CCCC42DCA105700A1AED5 /* OnboardModel.swift */; };
		2B7CCCC92DCB5C2D00A1AED5 /* ThemedNavigationButton.swift in Sources */ = {isa = PBXBuildFile; fileRef = 2B7CCCC82DCB5C2D00A1AED5 /* ThemedNavigationButton.swift */; };
		2B7CCCCC2DCB674200A1AED5 /* ThemedScreen.swift in Sources */ = {isa = PBXBuildFile; fileRef = 2B7CCCCB2DCB674200A1AED5 /* ThemedScreen.swift */; };
		2B7CCCCE2DCB8C3A00A1AED5 /* ThemedTextField.swift in Sources */ = {isa = PBXBuildFile; fileRef = 2B7CCCCD2DCB8C3A00A1AED5 /* ThemedTextField.swift */; };
		2B7CCCD02DCB8CFA00A1AED5 /* ThemedSecureField.swift in Sources */ = {isa = PBXBuildFile; fileRef = 2B7CCCCF2DCB8CFA00A1AED5 /* ThemedSecureField.swift */; };
		2B7CCCD22DCB988D00A1AED5 /* ThemedButton.swift in Sources */ = {isa = PBXBuildFile; fileRef = 2B7CCCD12DCB988D00A1AED5 /* ThemedButton.swift */; };
		2B8C01B92DCCAD1C0091BED2 /* AboutView.swift in Sources */ = {isa = PBXBuildFile; fileRef = 2B8C01B82DCCAD190091BED2 /* AboutView.swift */; };
		2B8C01BD2DCCAE5D0091BED2 /* ProjectVersion.swift in Sources */ = {isa = PBXBuildFile; fileRef = 2B8C01BC2DCCAE520091BED2 /* ProjectVersion.swift */; };
		2BAA50F82DAE5FCA003981B0 /* GraphRangeSelector.swift in Sources */ = {isa = PBXBuildFile; fileRef = 2BAA50F72DAE5FBC003981B0 /* GraphRangeSelector.swift */; };
		2BAA50FA2DAE703E003981B0 /* GraphOverlayMenu.swift in Sources */ = {isa = PBXBuildFile; fileRef = 2BAA50F92DAE703E003981B0 /* GraphOverlayMenu.swift */; };
		2BAA50FC2DAE9716003981B0 /* ThemeSettingsView.swift in Sources */ = {isa = PBXBuildFile; fileRef = 2BAA50FB2DAE9716003981B0 /* ThemeSettingsView.swift */; };
		2BAA50FE2DAE9883003981B0 /* Theme.swift in Sources */ = {isa = PBXBuildFile; fileRef = 2BAA50FD2DAE9883003981B0 /* Theme.swift */; };
/* End PBXBuildFile section */

/* Begin PBXFileReference section */
		2B1628272DAD002500652A69 /* ColorHex.swift */ = {isa = PBXFileReference; lastKnownFileType = sourcecode.swift; path = ColorHex.swift; sourceTree = "<group>"; };
		2B1628292DAD3A7900652A69 /* GlucoseValuesSettingsView.swift */ = {isa = PBXFileReference; lastKnownFileType = sourcecode.swift; path = GlucoseValuesSettingsView.swift; sourceTree = "<group>"; };
		2B16282B2DAD403800652A69 /* ThemeColorSettingsView.swift */ = {isa = PBXFileReference; lastKnownFileType = sourcecode.swift; path = ThemeColorSettingsView.swift; sourceTree = "<group>"; };
		2B1C9E792D5A15CA00CA7861 /* MainView.swift */ = {isa = PBXFileReference; lastKnownFileType = sourcecode.swift; path = MainView.swift; sourceTree = "<group>"; };
		2B1C9E7B2D5A162E00CA7861 /* GraphView.swift */ = {isa = PBXFileReference; lastKnownFileType = sourcecode.swift; path = GraphView.swift; sourceTree = "<group>"; };
		2B1C9E7F2D5A170700CA7861 /* DataSource.swift */ = {isa = PBXFileReference; lastKnownFileType = sourcecode.swift; path = DataSource.swift; sourceTree = "<group>"; };
		2B1C9E812D5A287100CA7861 /* DataSourceService.swift */ = {isa = PBXFileReference; lastKnownFileType = sourcecode.swift; path = DataSourceService.swift; sourceTree = "<group>"; };
		2B1C9E852D5A4E6F00CA7861 /* ConnectionConfigurationEditor.swift */ = {isa = PBXFileReference; lastKnownFileType = sourcecode.swift; path = ConnectionConfigurationEditor.swift; sourceTree = "<group>"; };
		2B1C9E882D5A4F4D00CA7861 /* NightscoutConfigurationView.swift */ = {isa = PBXFileReference; lastKnownFileType = sourcecode.swift; path = NightscoutConfigurationView.swift; sourceTree = "<group>"; };
		2B1C9E8A2D5A4F5800CA7861 /* SugarScopeConfigurationView.swift */ = {isa = PBXFileReference; lastKnownFileType = sourcecode.swift; path = SugarScopeConfigurationView.swift; sourceTree = "<group>"; };
		2B1C9E8C2D5A518C00CA7861 /* DataSourceConfiguration.swift */ = {isa = PBXFileReference; lastKnownFileType = sourcecode.swift; path = DataSourceConfiguration.swift; sourceTree = "<group>"; };
		2B2853FD2D57A2CE009E86E9 /* GlucoScope.app */ = {isa = PBXFileReference; explicitFileType = wrapper.application; includeInIndex = 0; path = GlucoScope.app; sourceTree = BUILT_PRODUCTS_DIR; };
		2B2854002D57A2CE009E86E9 /* GlucoScopeApp.swift */ = {isa = PBXFileReference; lastKnownFileType = sourcecode.swift; path = GlucoScopeApp.swift; sourceTree = "<group>"; };
		2B2854022D57A2CE009E86E9 /* ColoredLineGraph.swift */ = {isa = PBXFileReference; lastKnownFileType = sourcecode.swift; path = ColoredLineGraph.swift; sourceTree = "<group>"; };
		2B2854042D57A2D0009E86E9 /* Assets.xcassets */ = {isa = PBXFileReference; lastKnownFileType = folder.assetcatalog; path = Assets.xcassets; sourceTree = "<group>"; };
		2B28540F2D57A40E009E86E9 /* Calendar.swift */ = {isa = PBXFileReference; lastKnownFileType = sourcecode.swift; path = Calendar.swift; sourceTree = "<group>"; };
		2B2854112D57A718009E86E9 /* GlucoseMeasurement.swift */ = {isa = PBXFileReference; lastKnownFileType = sourcecode.swift; path = GlucoseMeasurement.swift; sourceTree = "<group>"; };
		2B2854132D57B4BC009E86E9 /* SugarScopeDataSource.swift */ = {isa = PBXFileReference; lastKnownFileType = sourcecode.swift; path = SugarScopeDataSource.swift; sourceTree = "<group>"; };
		2B2854152D58AECF009E86E9 /* NightscoutDataSource.swift */ = {isa = PBXFileReference; lastKnownFileType = sourcecode.swift; path = NightscoutDataSource.swift; sourceTree = "<group>"; };
		2B2854172D58B64F009E86E9 /* Double.swift */ = {isa = PBXFileReference; lastKnownFileType = sourcecode.swift; path = Double.swift; sourceTree = "<group>"; };
		2B2854192D58BA36009E86E9 /* Logger.swift */ = {isa = PBXFileReference; lastKnownFileType = sourcecode.swift; path = Logger.swift; sourceTree = "<group>"; };
		2B329DB02DB24C4900BDDDE1 /* ThemedSection.swift */ = {isa = PBXFileReference; lastKnownFileType = sourcecode.swift; path = ThemedSection.swift; sourceTree = "<group>"; };
		2B329DB22DB24CBF00BDDDE1 /* ThemedDivider.swift */ = {isa = PBXFileReference; lastKnownFileType = sourcecode.swift; path = ThemedDivider.swift; sourceTree = "<group>"; };
		2B4BAB442DAA61B000D81158 /* Colors.swift */ = {isa = PBXFileReference; lastKnownFileType = sourcecode.swift; path = Colors.swift; sourceTree = "<group>"; };
		2B4BAB472DAA664700D81158 /* OrientationView.swift */ = {isa = PBXFileReference; lastKnownFileType = sourcecode.swift; path = OrientationView.swift; sourceTree = "<group>"; };
		2B4BAB4B2DAAB6C000D81158 /* Preference.swift */ = {isa = PBXFileReference; lastKnownFileType = sourcecode.swift; path = Preference.swift; sourceTree = "<group>"; };
		2B4BAB512DAAB71400D81158 /* PreferenceService.swift */ = {isa = PBXFileReference; lastKnownFileType = sourcecode.swift; path = PreferenceService.swift; sourceTree = "<group>"; };
		2B4BAB532DAAB91E00D81158 /* PreferenceStorage.swift */ = {isa = PBXFileReference; lastKnownFileType = sourcecode.swift; path = PreferenceStorage.swift; sourceTree = "<group>"; };
		2B4ED5BB2DA9507B00ADE664 /* SettingsView.swift */ = {isa = PBXFileReference; lastKnownFileType = sourcecode.swift; path = SettingsView.swift; sourceTree = "<group>"; };
		2B514CE72DB3A8FE00AC5A6A /* ThemeSwatch.swift */ = {isa = PBXFileReference; lastKnownFileType = sourcecode.swift; path = ThemeSwatch.swift; sourceTree = "<group>"; };
		2B64B9782D75EF0400F0BC14 /* Info.plist */ = {isa = PBXFileReference; lastKnownFileType = text.plist.xml; path = Info.plist; sourceTree = "<group>"; };
		2B64B9792D787BFE00F0BC14 /* IndicatorView.swift */ = {isa = PBXFileReference; lastKnownFileType = sourcecode.swift; path = IndicatorView.swift; sourceTree = "<group>"; };
		2B64B97D2D7880FF00F0BC14 /* RealtimeDataService.swift */ = {isa = PBXFileReference; lastKnownFileType = sourcecode.swift; path = RealtimeDataService.swift; sourceTree = "<group>"; };
		2B7667532DB28605008A2009 /* ConnectionSettingsView.swift */ = {isa = PBXFileReference; lastKnownFileType = sourcecode.swift; path = ConnectionSettingsView.swift; sourceTree = "<group>"; };
		2B7667552DB29877008A2009 /* RoundedCorner.swift */ = {isa = PBXFileReference; lastKnownFileType = sourcecode.swift; path = RoundedCorner.swift; sourceTree = "<group>"; };
		2B7CCCB42DCA0ACC00A1AED5 /* OnboardingWizard.swift */ = {isa = PBXFileReference; lastKnownFileType = sourcecode.swift; path = OnboardingWizard.swift; sourceTree = "<group>"; };
		2B7CCCB62DCA0B5200A1AED5 /* AppView.swift */ = {isa = PBXFileReference; lastKnownFileType = sourcecode.swift; path = AppView.swift; sourceTree = "<group>"; };
		2B7CCCB82DCA0D2C00A1AED5 /* IntroView.swift */ = {isa = PBXFileReference; lastKnownFileType = sourcecode.swift; path = IntroView.swift; sourceTree = "<group>"; };
		2B7CCCBC2DCA0EEF00A1AED5 /* ConnectionTypeView.swift */ = {isa = PBXFileReference; lastKnownFileType = sourcecode.swift; path = ConnectionTypeView.swift; sourceTree = "<group>"; };
		2B7CCCBE2DCA0F5D00A1AED5 /* ConnectionUrlView.swift */ = {isa = PBXFileReference; lastKnownFileType = sourcecode.swift; path = ConnectionUrlView.swift; sourceTree = "<group>"; };
		2B7CCCC02DCA0F9300A1AED5 /* ConnectionTestView.swift */ = {isa = PBXFileReference; lastKnownFileType = sourcecode.swift; path = ConnectionTestView.swift; sourceTree = "<group>"; };
		2B7CCCC42DCA105700A1AED5 /* OnboardModel.swift */ = {isa = PBXFileReference; lastKnownFileType = sourcecode.swift; path = OnboardModel.swift; sourceTree = "<group>"; };
		2B7CCCC82DCB5C2D00A1AED5 /* ThemedNavigationButton.swift */ = {isa = PBXFileReference; lastKnownFileType = sourcecode.swift; path = ThemedNavigationButton.swift; sourceTree = "<group>"; };
		2B7CCCCB2DCB674200A1AED5 /* ThemedScreen.swift */ = {isa = PBXFileReference; lastKnownFileType = sourcecode.swift; path = ThemedScreen.swift; sourceTree = "<group>"; };
		2B7CCCCD2DCB8C3A00A1AED5 /* ThemedTextField.swift */ = {isa = PBXFileReference; lastKnownFileType = sourcecode.swift; path = ThemedTextField.swift; sourceTree = "<group>"; };
		2B7CCCCF2DCB8CFA00A1AED5 /* ThemedSecureField.swift */ = {isa = PBXFileReference; lastKnownFileType = sourcecode.swift; path = ThemedSecureField.swift; sourceTree = "<group>"; };
		2B7CCCD12DCB988D00A1AED5 /* ThemedButton.swift */ = {isa = PBXFileReference; lastKnownFileType = sourcecode.swift; path = ThemedButton.swift; sourceTree = "<group>"; };
		2B8C01B82DCCAD190091BED2 /* AboutView.swift */ = {isa = PBXFileReference; lastKnownFileType = sourcecode.swift; path = AboutView.swift; sourceTree = "<group>"; };
		2B8C01BC2DCCAE520091BED2 /* ProjectVersion.swift */ = {isa = PBXFileReference; lastKnownFileType = sourcecode.swift; path = ProjectVersion.swift; sourceTree = "<group>"; };
		2BAA50F72DAE5FBC003981B0 /* GraphRangeSelector.swift */ = {isa = PBXFileReference; lastKnownFileType = sourcecode.swift; path = GraphRangeSelector.swift; sourceTree = "<group>"; };
		2BAA50F92DAE703E003981B0 /* GraphOverlayMenu.swift */ = {isa = PBXFileReference; lastKnownFileType = sourcecode.swift; path = GraphOverlayMenu.swift; sourceTree = "<group>"; };
		2BAA50FB2DAE9716003981B0 /* ThemeSettingsView.swift */ = {isa = PBXFileReference; lastKnownFileType = sourcecode.swift; path = ThemeSettingsView.swift; sourceTree = "<group>"; };
		2BAA50FD2DAE9883003981B0 /* Theme.swift */ = {isa = PBXFileReference; lastKnownFileType = sourcecode.swift; path = Theme.swift; sourceTree = "<group>"; };
/* End PBXFileReference section */

/* Begin PBXFileSystemSynchronizedRootGroup section */
		2BAA51032DAE9B97003981B0 /* Resources */ = {isa = PBXFileSystemSynchronizedRootGroup; explicitFileTypes = {}; explicitFolders = (); path = Resources; sourceTree = "<group>"; };
/* End PBXFileSystemSynchronizedRootGroup section */

/* Begin PBXFrameworksBuildPhase section */
		2B2853FA2D57A2CE009E86E9 /* Frameworks */ = {
			isa = PBXFrameworksBuildPhase;
			buildActionMask = 2147483647;
			files = (
			);
			runOnlyForDeploymentPostprocessing = 0;
		};
/* End PBXFrameworksBuildPhase section */

/* Begin PBXGroup section */
		2B1C9E782D5A15B000CA7861 /* View */ = {
			isa = PBXGroup;
			children = (
				2B7CCCB32DCA0AAA00A1AED5 /* Onboarding */,
				2B4BAB492DAA674C00D81158 /* Components */,
				2B1C9E872D5A4F2D00CA7861 /* Configuration */,
				2B2854022D57A2CE009E86E9 /* ColoredLineGraph.swift */,
				2B64B9792D787BFE00F0BC14 /* IndicatorView.swift */,
				2BAA50F92DAE703E003981B0 /* GraphOverlayMenu.swift */,
				2BAA50F72DAE5FBC003981B0 /* GraphRangeSelector.swift */,
				2B1C9E7B2D5A162E00CA7861 /* GraphView.swift */,
				2B7CCCB62DCA0B5200A1AED5 /* AppView.swift */,
				2B1C9E792D5A15CA00CA7861 /* MainView.swift */,
			);
			path = View;
			sourceTree = "<group>";
		};
		2B1C9E7D2D5A16E800CA7861 /* Model */ = {
			isa = PBXGroup;
			children = (
				2BAA50FD2DAE9883003981B0 /* Theme.swift */,
				2B2854112D57A718009E86E9 /* GlucoseMeasurement.swift */,
			);
			path = Model;
			sourceTree = "<group>";
		};
		2B1C9E7E2D5A16EE00CA7861 /* Data */ = {
			isa = PBXGroup;
			children = (
				2B1C9E7F2D5A170700CA7861 /* DataSource.swift */,
				2B1C9E8C2D5A518C00CA7861 /* DataSourceConfiguration.swift */,
				2B1C9E812D5A287100CA7861 /* DataSourceService.swift */,
				2B2854152D58AECF009E86E9 /* NightscoutDataSource.swift */,
				2B2854132D57B4BC009E86E9 /* SugarScopeDataSource.swift */,
			);
			path = Data;
			sourceTree = "<group>";
		};
		2B1C9E872D5A4F2D00CA7861 /* Configuration */ = {
			isa = PBXGroup;
			children = (
				2B8C01B82DCCAD190091BED2 /* AboutView.swift */,
				2B7667532DB28605008A2009 /* ConnectionSettingsView.swift */,
				2BAA50FB2DAE9716003981B0 /* ThemeSettingsView.swift */,
				2B16282B2DAD403800652A69 /* ThemeColorSettingsView.swift */,
				2B4ED5BB2DA9507B00ADE664 /* SettingsView.swift */,
				2B1C9E852D5A4E6F00CA7861 /* ConnectionConfigurationEditor.swift */,
				2B1C9E882D5A4F4D00CA7861 /* NightscoutConfigurationView.swift */,
				2B1C9E8A2D5A4F5800CA7861 /* SugarScopeConfigurationView.swift */,
				2B1628292DAD3A7900652A69 /* GlucoseValuesSettingsView.swift */,
			);
			path = Configuration;
			sourceTree = "<group>";
		};
		2B1C9E8E2D5A522C00CA7861 /* Service */ = {
			isa = PBXGroup;
			children = (
				2B64B97D2D7880FF00F0BC14 /* RealtimeDataService.swift */,
			);
			path = Service;
			sourceTree = "<group>";
		};
		2B2853F42D57A2CE009E86E9 = {
			isa = PBXGroup;
			children = (
				2B2853FE2D57A2CE009E86E9 /* Products */,
				2B2853FF2D57A2CE009E86E9 /* SugarScope */,
			);
			sourceTree = "<group>";
		};
		2B2853FE2D57A2CE009E86E9 /* Products */ = {
			isa = PBXGroup;
			children = (
				2B2853FD2D57A2CE009E86E9 /* GlucoScope.app */,
			);
			name = Products;
			sourceTree = "<group>";
		};
		2B2853FF2D57A2CE009E86E9 /* SugarScope */ = {
			isa = PBXGroup;
			children = (
				2BAA51032DAE9B97003981B0 /* Resources */,
				2B4BAB4E2DAAB6DB00D81158 /* Preferences */,
				2B1C9E7E2D5A16EE00CA7861 /* Data */,
				2B28540E2D57A3FF009E86E9 /* Extension */,
				2B1C9E7D2D5A16E800CA7861 /* Model */,
				2B1C9E8E2D5A522C00CA7861 /* Service */,
				2B1C9E782D5A15B000CA7861 /* View */,
				2B2854002D57A2CE009E86E9 /* GlucoScopeApp.swift */,
				2B64B9782D75EF0400F0BC14 /* Info.plist */,
				2B2854042D57A2D0009E86E9 /* Assets.xcassets */,
			);
			path = SugarScope;
			sourceTree = "<group>";
		};
		2B28540E2D57A3FF009E86E9 /* Extension */ = {
			isa = PBXGroup;
			children = (
				2B8C01BC2DCCAE520091BED2 /* ProjectVersion.swift */,
				2B7667552DB29877008A2009 /* RoundedCorner.swift */,
				2B1628272DAD002500652A69 /* ColorHex.swift */,
				2B4BAB442DAA61B000D81158 /* Colors.swift */,
				2B28540F2D57A40E009E86E9 /* Calendar.swift */,
				2B2854172D58B64F009E86E9 /* Double.swift */,
				2B2854192D58BA36009E86E9 /* Logger.swift */,
			);
			path = Extension;
			sourceTree = "<group>";
		};
		2B4BAB492DAA674C00D81158 /* Components */ = {
			isa = PBXGroup;
			children = (
				2B7CCCCF2DCB8CFA00A1AED5 /* ThemedSecureField.swift */,
				2B7CCCCD2DCB8C3A00A1AED5 /* ThemedTextField.swift */,
				2B7CCCC82DCB5C2D00A1AED5 /* ThemedNavigationButton.swift */,
				2B7CCCD12DCB988D00A1AED5 /* ThemedButton.swift */,
				2B7CCCCB2DCB674200A1AED5 /* ThemedScreen.swift */,
				2B514CE72DB3A8FE00AC5A6A /* ThemeSwatch.swift */,
				2B329DB22DB24CBF00BDDDE1 /* ThemedDivider.swift */,
				2B329DB02DB24C4900BDDDE1 /* ThemedSection.swift */,
				2B4BAB472DAA664700D81158 /* OrientationView.swift */,
			);
			path = Components;
			sourceTree = "<group>";
		};
		2B4BAB4E2DAAB6DB00D81158 /* Preferences */ = {
			isa = PBXGroup;
			children = (
				2B4BAB532DAAB91E00D81158 /* PreferenceStorage.swift */,
				2B4BAB512DAAB71400D81158 /* PreferenceService.swift */,
				2B4BAB4B2DAAB6C000D81158 /* Preference.swift */,
			);
			path = Preferences;
			sourceTree = "<group>";
		};
		2B7CCCB32DCA0AAA00A1AED5 /* Onboarding */ = {
			isa = PBXGroup;
			children = (
				2B7CCCCA2DCB5EBB00A1AED5 /* Components */,
				2B7CCCC42DCA105700A1AED5 /* OnboardModel.swift */,
				2B7CCCB42DCA0ACC00A1AED5 /* OnboardingWizard.swift */,
				2B7CCCB82DCA0D2C00A1AED5 /* IntroView.swift */,
				2B7CCCBC2DCA0EEF00A1AED5 /* ConnectionTypeView.swift */,
				2B7CCCBE2DCA0F5D00A1AED5 /* ConnectionUrlView.swift */,
				2B7CCCC02DCA0F9300A1AED5 /* ConnectionTestView.swift */,
			);
			path = Onboarding;
			sourceTree = "<group>";
		};
		2B7CCCCA2DCB5EBB00A1AED5 /* Components */ = {
			isa = PBXGroup;
			children = (
			);
			path = Components;
			sourceTree = "<group>";
		};
/* End PBXGroup section */

/* Begin PBXNativeTarget section */
		2B2853FC2D57A2CE009E86E9 /* GlucoScope */ = {
			isa = PBXNativeTarget;
			buildConfigurationList = 2B28540B2D57A2D0009E86E9 /* Build configuration list for PBXNativeTarget "GlucoScope" */;
			buildPhases = (
				2B2853F92D57A2CE009E86E9 /* Sources */,
				2B2853FA2D57A2CE009E86E9 /* Frameworks */,
				2B2853FB2D57A2CE009E86E9 /* Resources */,
			);
			buildRules = (
			);
			dependencies = (
			);
			fileSystemSynchronizedGroups = (
				2BAA51032DAE9B97003981B0 /* Resources */,
			);
			name = GlucoScope;
			productName = SugarScope;
			productReference = 2B2853FD2D57A2CE009E86E9 /* GlucoScope.app */;
			productType = "com.apple.product-type.application";
		};
/* End PBXNativeTarget section */

/* Begin PBXProject section */
		2B2853F52D57A2CE009E86E9 /* Project object */ = {
			isa = PBXProject;
			attributes = {
				BuildIndependentTargetsInParallel = 1;
				LastSwiftUpdateCheck = 1520;
				LastUpgradeCheck = 1520;
				TargetAttributes = {
					2B2853FC2D57A2CE009E86E9 = {
						CreatedOnToolsVersion = 15.2;
					};
				};
			};
			buildConfigurationList = 2B2853F82D57A2CE009E86E9 /* Build configuration list for PBXProject "SugarScope" */;
			compatibilityVersion = "Xcode 14.0";
			developmentRegion = en;
			hasScannedForEncodings = 0;
			knownRegions = (
				en,
				Base,
			);
			mainGroup = 2B2853F42D57A2CE009E86E9;
			productRefGroup = 2B2853FE2D57A2CE009E86E9 /* Products */;
			projectDirPath = "";
			projectRoot = "";
			targets = (
				2B2853FC2D57A2CE009E86E9 /* GlucoScope */,
			);
		};
/* End PBXProject section */

/* Begin PBXResourcesBuildPhase section */
		2B2853FB2D57A2CE009E86E9 /* Resources */ = {
			isa = PBXResourcesBuildPhase;
			buildActionMask = 2147483647;
			files = (
				2B2854052D57A2D0009E86E9 /* Assets.xcassets in Resources */,
			);
			runOnlyForDeploymentPostprocessing = 0;
		};
/* End PBXResourcesBuildPhase section */

/* Begin PBXSourcesBuildPhase section */
		2B2853F92D57A2CE009E86E9 /* Sources */ = {
			isa = PBXSourcesBuildPhase;
			buildActionMask = 2147483647;
			files = (
				2B7CCCCC2DCB674200A1AED5 /* ThemedScreen.swift in Sources */,
				2B7CCCBD2DCA0EEF00A1AED5 /* ConnectionTypeView.swift in Sources */,
				2B2854032D57A2CE009E86E9 /* ColoredLineGraph.swift in Sources */,
				2B7CCCCE2DCB8C3A00A1AED5 /* ThemedTextField.swift in Sources */,
				2B7CCCC12DCA0F9300A1AED5 /* ConnectionTestView.swift in Sources */,
				2B1C9E8B2D5A4F5800CA7861 /* SugarScopeConfigurationView.swift in Sources */,
				2B7CCCB72DCA0B5400A1AED5 /* AppView.swift in Sources */,
				2B64B97E2D7880FF00F0BC14 /* RealtimeDataService.swift in Sources */,
				2B1C9E7A2D5A15CA00CA7861 /* MainView.swift in Sources */,
				2B7CCCBF2DCA0F5D00A1AED5 /* ConnectionUrlView.swift in Sources */,
				2B16282A2DAD3A8200652A69 /* GlucoseValuesSettingsView.swift in Sources */,
				2B2854102D57A40E009E86E9 /* Calendar.swift in Sources */,
				2BAA50FE2DAE9883003981B0 /* Theme.swift in Sources */,
				2B2854142D57B4BC009E86E9 /* SugarScopeDataSource.swift in Sources */,
				2BAA50F82DAE5FCA003981B0 /* GraphRangeSelector.swift in Sources */,
				2B4BAB522DAAB71400D81158 /* PreferenceService.swift in Sources */,
				2B4BAB542DAAB91E00D81158 /* PreferenceStorage.swift in Sources */,
				2B7667562DB29877008A2009 /* RoundedCorner.swift in Sources */,
				2B7CCCC52DCA106700A1AED5 /* OnboardModel.swift in Sources */,
				2B1628282DAD002700652A69 /* ColorHex.swift in Sources */,
				2B514CE82DB3A8FE00AC5A6A /* ThemeSwatch.swift in Sources */,
				2B64B97A2D787BFE00F0BC14 /* IndicatorView.swift in Sources */,
				2B2854012D57A2CE009E86E9 /* GlucoScopeApp.swift in Sources */,
				2B7CCCB92DCA0D3400A1AED5 /* IntroView.swift in Sources */,
				2B1C9E7C2D5A162E00CA7861 /* GraphView.swift in Sources */,
				2B2854122D57A718009E86E9 /* GlucoseMeasurement.swift in Sources */,
				2BAA50FC2DAE9716003981B0 /* ThemeSettingsView.swift in Sources */,
				2B1C9E8D2D5A518C00CA7861 /* DataSourceConfiguration.swift in Sources */,
				2B1C9E892D5A4F4D00CA7861 /* NightscoutConfigurationView.swift in Sources */,
				2B2854162D58AECF009E86E9 /* NightscoutDataSource.swift in Sources */,
				2B4BAB4C2DAAB6C000D81158 /* Preference.swift in Sources */,
				2B7CCCB52DCA0AD700A1AED5 /* OnboardingWizard.swift in Sources */,
				2B2854182D58B64F009E86E9 /* Double.swift in Sources */,
				2B7CCCD02DCB8CFA00A1AED5 /* ThemedSecureField.swift in Sources */,
				2B7CCCD22DCB988D00A1AED5 /* ThemedButton.swift in Sources */,
				2B4BAB482DAA664C00D81158 /* OrientationView.swift in Sources */,
				2B1C9E802D5A170700CA7861 /* DataSource.swift in Sources */,
				2B7CCCC92DCB5C2D00A1AED5 /* ThemedNavigationButton.swift in Sources */,
				2B1C9E862D5A4E6F00CA7861 /* ConnectionConfigurationEditor.swift in Sources */,
				2B16282C2DAD403800652A69 /* ThemeColorSettingsView.swift in Sources */,
				2B329DB12DB24C4900BDDDE1 /* ThemedSection.swift in Sources */,
				2B4ED5BC2DA9507C00ADE664 /* SettingsView.swift in Sources */,
				2B8C01BD2DCCAE5D0091BED2 /* ProjectVersion.swift in Sources */,
				2B4BAB452DAA61B300D81158 /* Colors.swift in Sources */,
				2B8C01B92DCCAD1C0091BED2 /* AboutView.swift in Sources */,
				2B1C9E822D5A287100CA7861 /* DataSourceService.swift in Sources */,
				2B7667542DB2860D008A2009 /* ConnectionSettingsView.swift in Sources */,
				2BAA50FA2DAE703E003981B0 /* GraphOverlayMenu.swift in Sources */,
				2B329DB32DB24CBF00BDDDE1 /* ThemedDivider.swift in Sources */,
				2B28541A2D58BA36009E86E9 /* Logger.swift in Sources */,
			);
			runOnlyForDeploymentPostprocessing = 0;
		};
/* End PBXSourcesBuildPhase section */

/* Begin XCBuildConfiguration section */
		2B2854092D57A2D0009E86E9 /* Debug */ = {
			isa = XCBuildConfiguration;
			buildSettings = {
				ALWAYS_SEARCH_USER_PATHS = NO;
				ASSETCATALOG_COMPILER_GENERATE_SWIFT_ASSET_SYMBOL_EXTENSIONS = YES;
				CLANG_ANALYZER_NONNULL = YES;
				CLANG_ANALYZER_NUMBER_OBJECT_CONVERSION = YES_AGGRESSIVE;
				CLANG_CXX_LANGUAGE_STANDARD = "gnu++20";
				CLANG_ENABLE_MODULES = YES;
				CLANG_ENABLE_OBJC_ARC = YES;
				CLANG_ENABLE_OBJC_WEAK = YES;
				CLANG_WARN_BLOCK_CAPTURE_AUTORELEASING = YES;
				CLANG_WARN_BOOL_CONVERSION = YES;
				CLANG_WARN_COMMA = YES;
				CLANG_WARN_CONSTANT_CONVERSION = YES;
				CLANG_WARN_DEPRECATED_OBJC_IMPLEMENTATIONS = YES;
				CLANG_WARN_DIRECT_OBJC_ISA_USAGE = YES_ERROR;
				CLANG_WARN_DOCUMENTATION_COMMENTS = YES;
				CLANG_WARN_EMPTY_BODY = YES;
				CLANG_WARN_ENUM_CONVERSION = YES;
				CLANG_WARN_INFINITE_RECURSION = YES;
				CLANG_WARN_INT_CONVERSION = YES;
				CLANG_WARN_NON_LITERAL_NULL_CONVERSION = YES;
				CLANG_WARN_OBJC_IMPLICIT_RETAIN_SELF = YES;
				CLANG_WARN_OBJC_LITERAL_CONVERSION = YES;
				CLANG_WARN_OBJC_ROOT_CLASS = YES_ERROR;
				CLANG_WARN_QUOTED_INCLUDE_IN_FRAMEWORK_HEADER = YES;
				CLANG_WARN_RANGE_LOOP_ANALYSIS = YES;
				CLANG_WARN_STRICT_PROTOTYPES = YES;
				CLANG_WARN_SUSPICIOUS_MOVE = YES;
				CLANG_WARN_UNGUARDED_AVAILABILITY = YES_AGGRESSIVE;
				CLANG_WARN_UNREACHABLE_CODE = YES;
				CLANG_WARN__DUPLICATE_METHOD_MATCH = YES;
				COPY_PHASE_STRIP = NO;
				DEBUG_INFORMATION_FORMAT = dwarf;
				ENABLE_STRICT_OBJC_MSGSEND = YES;
				ENABLE_TESTABILITY = YES;
				ENABLE_USER_SCRIPT_SANDBOXING = YES;
				GCC_C_LANGUAGE_STANDARD = gnu17;
				GCC_DYNAMIC_NO_PIC = NO;
				GCC_NO_COMMON_BLOCKS = YES;
				GCC_OPTIMIZATION_LEVEL = 0;
				GCC_PREPROCESSOR_DEFINITIONS = (
					"DEBUG=1",
					"$(inherited)",
				);
				GCC_WARN_64_TO_32_BIT_CONVERSION = YES;
				GCC_WARN_ABOUT_RETURN_TYPE = YES_ERROR;
				GCC_WARN_UNDECLARED_SELECTOR = YES;
				GCC_WARN_UNINITIALIZED_AUTOS = YES_AGGRESSIVE;
				GCC_WARN_UNUSED_FUNCTION = YES;
				GCC_WARN_UNUSED_VARIABLE = YES;
				IPHONEOS_DEPLOYMENT_TARGET = 16.0;
				LOCALIZATION_PREFERS_STRING_CATALOGS = YES;
				MTL_ENABLE_DEBUG_INFO = INCLUDE_SOURCE;
				MTL_FAST_MATH = YES;
				ONLY_ACTIVE_ARCH = YES;
				SDKROOT = iphoneos;
				SWIFT_ACTIVE_COMPILATION_CONDITIONS = "DEBUG $(inherited)";
				SWIFT_OPTIMIZATION_LEVEL = "-Onone";
			};
			name = Debug;
		};
		2B28540A2D57A2D0009E86E9 /* Release */ = {
			isa = XCBuildConfiguration;
			buildSettings = {
				ALWAYS_SEARCH_USER_PATHS = NO;
				ASSETCATALOG_COMPILER_GENERATE_SWIFT_ASSET_SYMBOL_EXTENSIONS = YES;
				CLANG_ANALYZER_NONNULL = YES;
				CLANG_ANALYZER_NUMBER_OBJECT_CONVERSION = YES_AGGRESSIVE;
				CLANG_CXX_LANGUAGE_STANDARD = "gnu++20";
				CLANG_ENABLE_MODULES = YES;
				CLANG_ENABLE_OBJC_ARC = YES;
				CLANG_ENABLE_OBJC_WEAK = YES;
				CLANG_WARN_BLOCK_CAPTURE_AUTORELEASING = YES;
				CLANG_WARN_BOOL_CONVERSION = YES;
				CLANG_WARN_COMMA = YES;
				CLANG_WARN_CONSTANT_CONVERSION = YES;
				CLANG_WARN_DEPRECATED_OBJC_IMPLEMENTATIONS = YES;
				CLANG_WARN_DIRECT_OBJC_ISA_USAGE = YES_ERROR;
				CLANG_WARN_DOCUMENTATION_COMMENTS = YES;
				CLANG_WARN_EMPTY_BODY = YES;
				CLANG_WARN_ENUM_CONVERSION = YES;
				CLANG_WARN_INFINITE_RECURSION = YES;
				CLANG_WARN_INT_CONVERSION = YES;
				CLANG_WARN_NON_LITERAL_NULL_CONVERSION = YES;
				CLANG_WARN_OBJC_IMPLICIT_RETAIN_SELF = YES;
				CLANG_WARN_OBJC_LITERAL_CONVERSION = YES;
				CLANG_WARN_OBJC_ROOT_CLASS = YES_ERROR;
				CLANG_WARN_QUOTED_INCLUDE_IN_FRAMEWORK_HEADER = YES;
				CLANG_WARN_RANGE_LOOP_ANALYSIS = YES;
				CLANG_WARN_STRICT_PROTOTYPES = YES;
				CLANG_WARN_SUSPICIOUS_MOVE = YES;
				CLANG_WARN_UNGUARDED_AVAILABILITY = YES_AGGRESSIVE;
				CLANG_WARN_UNREACHABLE_CODE = YES;
				CLANG_WARN__DUPLICATE_METHOD_MATCH = YES;
				COPY_PHASE_STRIP = NO;
				DEBUG_INFORMATION_FORMAT = "dwarf-with-dsym";
				ENABLE_NS_ASSERTIONS = NO;
				ENABLE_STRICT_OBJC_MSGSEND = YES;
				ENABLE_USER_SCRIPT_SANDBOXING = YES;
				GCC_C_LANGUAGE_STANDARD = gnu17;
				GCC_NO_COMMON_BLOCKS = YES;
				GCC_WARN_64_TO_32_BIT_CONVERSION = YES;
				GCC_WARN_ABOUT_RETURN_TYPE = YES_ERROR;
				GCC_WARN_UNDECLARED_SELECTOR = YES;
				GCC_WARN_UNINITIALIZED_AUTOS = YES_AGGRESSIVE;
				GCC_WARN_UNUSED_FUNCTION = YES;
				GCC_WARN_UNUSED_VARIABLE = YES;
				IPHONEOS_DEPLOYMENT_TARGET = 16.0;
				LOCALIZATION_PREFERS_STRING_CATALOGS = YES;
				MTL_ENABLE_DEBUG_INFO = NO;
				MTL_FAST_MATH = YES;
				SDKROOT = iphoneos;
				SWIFT_COMPILATION_MODE = wholemodule;
				VALIDATE_PRODUCT = YES;
			};
			name = Release;
		};
		2B28540C2D57A2D0009E86E9 /* Debug */ = {
			isa = XCBuildConfiguration;
			buildSettings = {
				ASSETCATALOG_COMPILER_APPICON_NAME = AppIcon;
				ASSETCATALOG_COMPILER_GLOBAL_ACCENT_COLOR_NAME = AccentColor;
				ASSETCATALOG_COMPILER_INCLUDE_ALL_APPICON_ASSETS = NO;
				CODE_SIGN_STYLE = Automatic;
				CURRENT_PROJECT_VERSION = 1;
				DEVELOPMENT_ASSET_PATHS = "\"SugarScope/Preview Content\"";
				DEVELOPMENT_TEAM = L23NTUN6KV;
				ENABLE_PREVIEWS = YES;
				GENERATE_INFOPLIST_FILE = YES;
				INFOPLIST_FILE = SugarScope/Info.plist;
				INFOPLIST_KEY_CFBundleDisplayName = GlucoScope;
				INFOPLIST_KEY_LSApplicationCategoryType = "public.app-category.healthcare-fitness";
				INFOPLIST_KEY_UIApplicationSceneManifest_Generation = YES;
				INFOPLIST_KEY_UIApplicationSupportsIndirectInputEvents = YES;
				INFOPLIST_KEY_UILaunchScreen_Generation = YES;
				INFOPLIST_KEY_UISupportedInterfaceOrientations = "UIInterfaceOrientationLandscapeLeft UIInterfaceOrientationLandscapeRight UIInterfaceOrientationPortrait UIInterfaceOrientationPortraitUpsideDown";
				IPHONEOS_DEPLOYMENT_TARGET = 16.4;
				LD_RUNPATH_SEARCH_PATHS = (
					"$(inherited)",
					"@executable_path/Frameworks",
				);
				MARKETING_VERSION = 1.0.0;
				PRODUCT_BUNDLE_IDENTIFIER = nl.wdudokvanheel.glucoscope;
				PRODUCT_NAME = "$(TARGET_NAME)";
				SWIFT_EMIT_LOC_STRINGS = YES;
				SWIFT_VERSION = 5.0;
				TARGETED_DEVICE_FAMILY = "1,2";
			};
			name = Debug;
		};
		2B28540D2D57A2D0009E86E9 /* Release */ = {
			isa = XCBuildConfiguration;
			buildSettings = {
				ASSETCATALOG_COMPILER_APPICON_NAME = AppIcon;
				ASSETCATALOG_COMPILER_GLOBAL_ACCENT_COLOR_NAME = AccentColor;
				ASSETCATALOG_COMPILER_INCLUDE_ALL_APPICON_ASSETS = NO;
				CODE_SIGN_STYLE = Automatic;
				CURRENT_PROJECT_VERSION = 1;
				DEVELOPMENT_ASSET_PATHS = "\"SugarScope/Preview Content\"";
				DEVELOPMENT_TEAM = L23NTUN6KV;
				ENABLE_PREVIEWS = YES;
				GENERATE_INFOPLIST_FILE = YES;
				INFOPLIST_FILE = SugarScope/Info.plist;
				INFOPLIST_KEY_CFBundleDisplayName = GlucoScope;
				INFOPLIST_KEY_LSApplicationCategoryType = "public.app-category.healthcare-fitness";
				INFOPLIST_KEY_UIApplicationSceneManifest_Generation = YES;
				INFOPLIST_KEY_UIApplicationSupportsIndirectInputEvents = YES;
				INFOPLIST_KEY_UILaunchScreen_Generation = YES;
				INFOPLIST_KEY_UISupportedInterfaceOrientations = "UIInterfaceOrientationLandscapeLeft UIInterfaceOrientationLandscapeRight UIInterfaceOrientationPortrait UIInterfaceOrientationPortraitUpsideDown";
				IPHONEOS_DEPLOYMENT_TARGET = 16.4;
				LD_RUNPATH_SEARCH_PATHS = (
					"$(inherited)",
					"@executable_path/Frameworks",
				);
				MARKETING_VERSION = 1.0.0;
				PRODUCT_BUNDLE_IDENTIFIER = nl.wdudokvanheel.glucoscope;
				PRODUCT_NAME = "$(TARGET_NAME)";
				SWIFT_EMIT_LOC_STRINGS = YES;
				SWIFT_VERSION = 5.0;
				TARGETED_DEVICE_FAMILY = "1,2";
			};
			name = Release;
		};
/* End XCBuildConfiguration section */

/* Begin XCConfigurationList section */
		2B2853F82D57A2CE009E86E9 /* Build configuration list for PBXProject "SugarScope" */ = {
			isa = XCConfigurationList;
			buildConfigurations = (
				2B2854092D57A2D0009E86E9 /* Debug */,
				2B28540A2D57A2D0009E86E9 /* Release */,
			);
			defaultConfigurationIsVisible = 0;
			defaultConfigurationName = Release;
		};
		2B28540B2D57A2D0009E86E9 /* Build configuration list for PBXNativeTarget "GlucoScope" */ = {
			isa = XCConfigurationList;
			buildConfigurations = (
				2B28540C2D57A2D0009E86E9 /* Debug */,
				2B28540D2D57A2D0009E86E9 /* Release */,
			);
			defaultConfigurationIsVisible = 0;
			defaultConfigurationName = Release;
		};
/* End XCConfigurationList section */
	};
	rootObject = 2B2853F52D57A2CE009E86E9 /* Project object */;
}
